
Microsoft Visual Studio Solution File, Format Version 12.00
# Visual Studio Version 17
VisualStudioVersion = 17.6.33829.357
MinimumVisualStudioVersion = 10.0.40219.1
Project("{FAE04EC0-301F-11D3-BF4B-00C04F79EFBC}") = "ProjectSem3", "ProjectSem3\ProjectSem3.csproj", "{2EAEE46C-2A7E-4FFF-BEBB-4046BDD65B20}"
EndProject
Global
	GlobalSection(SolutionConfigurationPlatforms) = preSolution
		Debug|Any CPU = Debug|Any CPU
		Release|Any CPU = Release|Any CPU
	EndGlobalSection
	GlobalSection(ProjectConfigurationPlatforms) = postSolution
		{2EAEE46C-2A7E-4FFF-BEBB-4046BDD65B20}.Debug|Any CPU.ActiveCfg = Debug|Any CPU
		{2EAEE46C-2A7E-4FFF-BEBB-4046BDD65B20}.Debug|Any CPU.Build.0 = Debug|Any CPU
		{2EAEE46C-2A7E-4FFF-BEBB-4046BDD65B20}.Release|Any CPU.ActiveCfg = Release|Any CPU
		{2EAEE46C-2A7E-4FFF-BEBB-4046BDD65B20}.Release|Any CPU.Build.0 = Release|Any CPU
	EndGlobalSection
	GlobalSection(SolutionProperties) = preSolution
		HideSolutionNode = FALSE
	EndGlobalSection
	GlobalSection(ExtensibilityGlobals) = postSolution
		SolutionGuid = {520CC7D0-4D58-49F1-A6CD-CC9C028FFC93}
	EndGlobalSection
EndGlobal
